
Microsoft Visual Studio Solution File, Format Version 12.00
# Visual Studio Version 17
VisualStudioVersion = 17.0.31903.59
MinimumVisualStudioVersion = 10.0.40219.1
Project("{2150E333-8FDC-42A3-9474-1A3956D46DE8}") = "src", "src", "{CE011327-4248-4D97-B0CD-F4312EBCE0EC}"
EndProject
Project("{FAE04EC0-301F-11D3-BF4B-00C04F79EFBC}") = "Domain", "src\Domain\Domain.csproj", "{ABD86CEA-3B56-4CEF-B512-098EEDD01532}"
EndProject
Project("{FAE04EC0-301F-11D3-BF4B-00C04F79EFBC}") = "Persistence", "src\Persistence\Persistence.csproj", "{A8DFC2F8-A015-47DB-BF06-141DA64C47CE}"
EndProject
Project("{FAE04EC0-301F-11D3-BF4B-00C04F79EFBC}") = "Presentation", "src\Presentation\Presentation.csproj", "{49023100-E15A-4BF7-AFFA-4E25D6B91AF2}"
EndProject
Project("{FAE04EC0-301F-11D3-BF4B-00C04F79EFBC}") = "Application", "src\Application\Application.csproj", "{2E757C8E-4FE5-4BF1-83EB-E29277FD5ED3}"
EndProject
Project("{2150E333-8FDC-42A3-9474-1A3956D46DE8}") = "tests", "tests", "{6AE5A437-AC23-40F6-AE51-D91CAC376BA8}"
EndProject
Project("{FAE04EC0-301F-11D3-BF4B-00C04F79EFBC}") = "ArchitectureTests", "tests\ArchitectureTests\ArchitectureTests.csproj", "{A4C4996D-9148-40E5-8695-2403A07F6C34}"
EndProject
Project("{FAE04EC0-301F-11D3-BF4B-00C04F79EFBC}") = "Infrastructure", "src\Infrastructure\Infrastructure.csproj", "{AF6EB79E-7B41-4742-8E7C-32EDAE466E7D}"
EndProject
Global
	GlobalSection(SolutionConfigurationPlatforms) = preSolution
		Debug|Any CPU = Debug|Any CPU
		Release|Any CPU = Release|Any CPU
	EndGlobalSection
	GlobalSection(SolutionProperties) = preSolution
		HideSolutionNode = FALSE
	EndGlobalSection
	GlobalSection(ProjectConfigurationPlatforms) = postSolution
		{ABD86CEA-3B56-4CEF-B512-098EEDD01532}.Debug|Any CPU.ActiveCfg = Debug|Any CPU
		{ABD86CEA-3B56-4CEF-B512-098EEDD01532}.Debug|Any CPU.Build.0 = Debug|Any CPU
		{ABD86CEA-3B56-4CEF-B512-098EEDD01532}.Release|Any CPU.ActiveCfg = Release|Any CPU
		{ABD86CEA-3B56-4CEF-B512-098EEDD01532}.Release|Any CPU.Build.0 = Release|Any CPU
		{A8DFC2F8-A015-47DB-BF06-141DA64C47CE}.Debug|Any CPU.ActiveCfg = Debug|Any CPU
		{A8DFC2F8-A015-47DB-BF06-141DA64C47CE}.Debug|Any CPU.Build.0 = Debug|Any CPU
		{A8DFC2F8-A015-47DB-BF06-141DA64C47CE}.Release|Any CPU.ActiveCfg = Release|Any CPU
		{A8DFC2F8-A015-47DB-BF06-141DA64C47CE}.Release|Any CPU.Build.0 = Release|Any CPU
		{49023100-E15A-4BF7-AFFA-4E25D6B91AF2}.Debug|Any CPU.ActiveCfg = Debug|Any CPU
		{49023100-E15A-4BF7-AFFA-4E25D6B91AF2}.Debug|Any CPU.Build.0 = Debug|Any CPU
		{49023100-E15A-4BF7-AFFA-4E25D6B91AF2}.Release|Any CPU.ActiveCfg = Release|Any CPU
		{49023100-E15A-4BF7-AFFA-4E25D6B91AF2}.Release|Any CPU.Build.0 = Release|Any CPU
		{2E757C8E-4FE5-4BF1-83EB-E29277FD5ED3}.Debug|Any CPU.ActiveCfg = Debug|Any CPU
		{2E757C8E-4FE5-4BF1-83EB-E29277FD5ED3}.Debug|Any CPU.Build.0 = Debug|Any CPU
		{2E757C8E-4FE5-4BF1-83EB-E29277FD5ED3}.Release|Any CPU.ActiveCfg = Release|Any CPU
		{2E757C8E-4FE5-4BF1-83EB-E29277FD5ED3}.Release|Any CPU.Build.0 = Release|Any CPU
		{A4C4996D-9148-40E5-8695-2403A07F6C34}.Debug|Any CPU.ActiveCfg = Debug|Any CPU
		{A4C4996D-9148-40E5-8695-2403A07F6C34}.Debug|Any CPU.Build.0 = Debug|Any CPU
		{A4C4996D-9148-40E5-8695-2403A07F6C34}.Release|Any CPU.ActiveCfg = Release|Any CPU
		{A4C4996D-9148-40E5-8695-2403A07F6C34}.Release|Any CPU.Build.0 = Release|Any CPU
		{AF6EB79E-7B41-4742-8E7C-32EDAE466E7D}.Debug|Any CPU.ActiveCfg = Debug|Any CPU
		{AF6EB79E-7B41-4742-8E7C-32EDAE466E7D}.Debug|Any CPU.Build.0 = Debug|Any CPU
		{AF6EB79E-7B41-4742-8E7C-32EDAE466E7D}.Release|Any CPU.ActiveCfg = Release|Any CPU
		{AF6EB79E-7B41-4742-8E7C-32EDAE466E7D}.Release|Any CPU.Build.0 = Release|Any CPU
	EndGlobalSection
	GlobalSection(NestedProjects) = preSolution
		{ABD86CEA-3B56-4CEF-B512-098EEDD01532} = {CE011327-4248-4D97-B0CD-F4312EBCE0EC}
		{A8DFC2F8-A015-47DB-BF06-141DA64C47CE} = {CE011327-4248-4D97-B0CD-F4312EBCE0EC}
		{49023100-E15A-4BF7-AFFA-4E25D6B91AF2} = {CE011327-4248-4D97-B0CD-F4312EBCE0EC}
		{2E757C8E-4FE5-4BF1-83EB-E29277FD5ED3} = {CE011327-4248-4D97-B0CD-F4312EBCE0EC}
		{A4C4996D-9148-40E5-8695-2403A07F6C34} = {6AE5A437-AC23-40F6-AE51-D91CAC376BA8}
		{AF6EB79E-7B41-4742-8E7C-32EDAE466E7D} = {CE011327-4248-4D97-B0CD-F4312EBCE0EC}
	EndGlobalSection
EndGlobal
